
Microsoft Visual Studio Solution File, Format Version 12.00
# Visual Studio Version 17
VisualStudioVersion = 17.9.34714.143
MinimumVisualStudioVersion = 10.0.40219.1
Project("{FAE04EC0-301F-11D3-BF4B-00C04F79EFBC}") = "VitalFlow", "VitalFlow\VitalFlow.csproj", "{CC1FEB0D-DBD5-4EB0-A121-D61DC286C740}"
EndProject
Global
	GlobalSection(SolutionConfigurationPlatforms) = preSolution
		Debug|Any CPU = Debug|Any CPU
		Release|Any CPU = Release|Any CPU
	EndGlobalSection
	GlobalSection(ProjectConfigurationPlatforms) = postSolution
		{CC1FEB0D-DBD5-4EB0-A121-D61DC286C740}.Debug|Any CPU.ActiveCfg = Debug|Any CPU
		{CC1FEB0D-DBD5-4EB0-A121-D61DC286C740}.Debug|Any CPU.Build.0 = Debug|Any CPU
		{CC1FEB0D-DBD5-4EB0-A121-D61DC286C740}.Release|Any CPU.ActiveCfg = Release|Any CPU
		{CC1FEB0D-DBD5-4EB0-A121-D61DC286C740}.Release|Any CPU.Build.0 = Release|Any CPU
	EndGlobalSection
	GlobalSection(SolutionProperties) = preSolution
		HideSolutionNode = FALSE
	EndGlobalSection
	GlobalSection(ExtensibilityGlobals) = postSolution
		SolutionGuid = {6DC9F520-45B9-4545-B200-30333905F6BE}
	EndGlobalSection
EndGlobal
